PODS:
  - augmented_images (0.0.1):
    - Flutter
  - Flutter (1.0.0)

DEPENDENCIES:
  - augmented_images (from `.symlinks/plugins/augmented_images/ios`)
  - Flutter (from `Flutter`)

EXTERNAL SOURCES:
  augmented_images:
    :path: ".symlinks/plugins/augmented_images/ios"
  Flutter:
    :path: Flutter

SPEC CHECKSUMS:
  augmented_images: e2ec9d0e4b21b97450018670eb3c3c3fc67afa90
  Flutter: 50d75fe2f02b26cc09d224853bb45737f8b3214a

PODFILE CHECKSUM: 775997f741c536251164e3eacf6e34abf2eb7a17

COCOAPODS: 1.11.2
